
Microsoft Visual Studio Solution File, Format Version 12.00
# Visual Studio Version 17
VisualStudioVersion = 17.1.32407.343
MinimumVisualStudioVersion = 10.0.40219.1
Project("{FAE04EC0-301F-11D3-BF4B-00C04F79EFBC}") = "ZamaninEli.Desktop", "ZamaninEli.Desktop\ZamaninEli.Desktop.csproj", "{02F2D5FE-7FF9-4D63-B568-3A522BEFD841}"
EndProject
Project("{FAE04EC0-301F-11D3-BF4B-00C04F79EFBC}") = "ZamaninEli.Library", "ZamaninEli.Library\ZamaninEli.Library.csproj", "{EA73A539-59B4-4577-84DC-3C0DA625D378}"
EndProject
Global
	GlobalSection(SolutionConfigurationPlatforms) = preSolution
		Debug|Any CPU = Debug|Any CPU
		Release|Any CPU = Release|Any CPU
	EndGlobalSection
	GlobalSection(ProjectConfigurationPlatforms) = postSolution
		{02F2D5FE-7FF9-4D63-B568-3A522BEFD841}.Debug|Any CPU.ActiveCfg = Debug|Any CPU
		{02F2D5FE-7FF9-4D63-B568-3A522BEFD841}.Debug|Any CPU.Build.0 = Debug|Any CPU
		{02F2D5FE-7FF9-4D63-B568-3A522BEFD841}.Release|Any CPU.ActiveCfg = Release|Any CPU
		{02F2D5FE-7FF9-4D63-B568-3A522BEFD841}.Release|Any CPU.Build.0 = Release|Any CPU
		{EA73A539-59B4-4577-84DC-3C0DA625D378}.Debug|Any CPU.ActiveCfg = Debug|Any CPU
		{EA73A539-59B4-4577-84DC-3C0DA625D378}.Debug|Any CPU.Build.0 = Debug|Any CPU
		{EA73A539-59B4-4577-84DC-3C0DA625D378}.Release|Any CPU.ActiveCfg = Release|Any CPU
		{EA73A539-59B4-4577-84DC-3C0DA625D378}.Release|Any CPU.Build.0 = Release|Any CPU
	EndGlobalSection
	GlobalSection(SolutionProperties) = preSolution
		HideSolutionNode = FALSE
	EndGlobalSection
	GlobalSection(ExtensibilityGlobals) = postSolution
		SolutionGuid = {EBA82A6D-2A8B-4562-B38D-A868913A6BD2}
	EndGlobalSection
EndGlobal
